{
  "requires": true,
  "lockfileVersion": 1,
  "dependencies": {
    "aframe-gearvr-controls-component": {
      "version": "0.1.7",
      "resolved": "https://registry.npmjs.org/aframe-gearvr-controls-component/-/aframe-gearvr-controls-component-0.1.7.tgz",
      "integrity": "sha1-7AvbxuIcGDOmwCKw1XMd8MlI2Yc="
    }
  }
}
